
Microsoft Visual Studio Solution File, Format Version 12.00
# Visual Studio 15
VisualStudioVersion = 15.0.28010.2041
MinimumVisualStudioVersion = 10.0.40219.1
Project("{FAE04EC0-301F-11D3-BF4B-00C04F79EFBC}") = "Task2", "Task2\Task2.csproj", "{D99EC12D-F10F-437C-886C-872BBE1215ED}"
EndProject
Global
	GlobalSection(SolutionConfigurationPlatforms) = preSolution
		Debug|Any CPU = Debug|Any CPU
		Release|Any CPU = Release|Any CPU
	EndGlobalSection
	GlobalSection(ProjectConfigurationPlatforms) = postSolution
		{D99EC12D-F10F-437C-886C-872BBE1215ED}.Debug|Any CPU.ActiveCfg = Debug|Any CPU
		{D99EC12D-F10F-437C-886C-872BBE1215ED}.Debug|Any CPU.Build.0 = Debug|Any CPU
		{D99EC12D-F10F-437C-886C-872BBE1215ED}.Release|Any CPU.ActiveCfg = Release|Any CPU
		{D99EC12D-F10F-437C-886C-872BBE1215ED}.Release|Any CPU.Build.0 = Release|Any CPU
	EndGlobalSection
	GlobalSection(SolutionProperties) = preSolution
		HideSolutionNode = FALSE
	EndGlobalSection
	GlobalSection(ExtensibilityGlobals) = postSolution
		SolutionGuid = {EA1ADEE7-B4E0-482B-9F7C-9369A3AF65A2}
	EndGlobalSection
EndGlobal
