
Microsoft Visual Studio Solution File, Format Version 12.00
# Visual Studio 15
VisualStudioVersion = 15.0.28010.2041
MinimumVisualStudioVersion = 10.0.40219.1
Project("{FAE04EC0-301F-11D3-BF4B-00C04F79EFBC}") = "Task2", "Task2\Task2.csproj", "{52C9A1F3-CC66-4EA4-8636-2E202E20091D}"
EndProject
Global
	GlobalSection(SolutionConfigurationPlatforms) = preSolution
		Debug|Any CPU = Debug|Any CPU
		Release|Any CPU = Release|Any CPU
	EndGlobalSection
	GlobalSection(ProjectConfigurationPlatforms) = postSolution
		{52C9A1F3-CC66-4EA4-8636-2E202E20091D}.Debug|Any CPU.ActiveCfg = Debug|Any CPU
		{52C9A1F3-CC66-4EA4-8636-2E202E20091D}.Debug|Any CPU.Build.0 = Debug|Any CPU
		{52C9A1F3-CC66-4EA4-8636-2E202E20091D}.Release|Any CPU.ActiveCfg = Release|Any CPU
		{52C9A1F3-CC66-4EA4-8636-2E202E20091D}.Release|Any CPU.Build.0 = Release|Any CPU
	EndGlobalSection
	GlobalSection(SolutionProperties) = preSolution
		HideSolutionNode = FALSE
	EndGlobalSection
	GlobalSection(ExtensibilityGlobals) = postSolution
		SolutionGuid = {CC7F172C-EDBC-4E61-A9C5-30CF2B0AD58C}
	EndGlobalSection
EndGlobal
